// !$*UTF8*$!
{
	archiveVersion = 1;
	classes = {
	};
	objectVersion = 46;
	objects = {

/* Begin PBXBuildFile section */
		3401B6481C35873700E1798C /* Song.swift in Sources */ = {isa = PBXBuildFile; fileRef = 3401B6471C35873700E1798C /* Song.swift */; };
		3401B6491C35873700E1798C /* Song.swift in Sources */ = {isa = PBXBuildFile; fileRef = 3401B6471C35873700E1798C /* Song.swift */; };
		3401B6501C3610D000E1798C /* PlayViewController.swift in Sources */ = {isa = PBXBuildFile; fileRef = 3401B64F1C3610D000E1798C /* PlayViewController.swift */; };
		348640921C492F7B0088574B /* Book.swift in Sources */ = {isa = PBXBuildFile; fileRef = 348640911C492F7B0088574B /* Book.swift */; };
		348640931C492F7B0088574B /* Book.swift in Sources */ = {isa = PBXBuildFile; fileRef = 348640911C492F7B0088574B /* Book.swift */; };
		3490C6871C49483F006DDEBF /* Realm.framework in Frameworks */ = {isa = PBXBuildFile; fileRef = 3490C6861C49483F006DDEBF /* Realm.framework */; };
		3490C6891C494843006DDEBF /* RealmSwift.framework in Frameworks */ = {isa = PBXBuildFile; fileRef = 3490C6881C494843006DDEBF /* RealmSwift.framework */; };
		34FCB5941C352E8E00A0B2CE /* AppDelegate.swift in Sources */ = {isa = PBXBuildFile; fileRef = 34FCB5931C352E8E00A0B2CE /* AppDelegate.swift */; };
		34FCB5961C352E8E00A0B2CE /* NewViewController.swift in Sources */ = {isa = PBXBuildFile; fileRef = 34FCB5951C352E8E00A0B2CE /* NewViewController.swift */; };
		34FCB5981C352E8E00A0B2CE /* PlayListViewController.swift in Sources */ = {isa = PBXBuildFile; fileRef = 34FCB5971C352E8E00A0B2CE /* PlayListViewController.swift */; };
		34FCB59B1C352E8E00A0B2CE /* Main.storyboard in Resources */ = {isa = PBXBuildFile; fileRef = 34FCB5991C352E8E00A0B2CE /* Main.storyboard */; };
		34FCB59D1C352E8E00A0B2CE /* Images.xcassets in Resources */ = {isa = PBXBuildFile; fileRef = 34FCB59C1C352E8E00A0B2CE /* Images.xcassets */; };
		34FCB5A01C352E8E00A0B2CE /* LaunchScreen.xib in Resources */ = {isa = PBXBuildFile; fileRef = 34FCB59E1C352E8E00A0B2CE /* LaunchScreen.xib */; };
		34FCB5AC1C352E8F00A0B2CE /* zo_tuneTests.swift in Sources */ = {isa = PBXBuildFile; fileRef = 34FCB5AB1C352E8F00A0B2CE /* zo_tuneTests.swift */; };
		E34EEF931457D93748E9FA42 /* Pods_zo_tune.framework in Frameworks */ = {isa = PBXBuildFile; fileRef = 8D4CA263B0DD58582E908ED3 /* Pods_zo_tune.framework */; };
/* End PBXBuildFile section */

/* Begin PBXContainerItemProxy section */
		34FCB5A61C352E8F00A0B2CE /* PBXContainerItemProxy */ = {
			isa = PBXContainerItemProxy;
			containerPortal = 34FCB5861C352E8E00A0B2CE /* Project object */;
			proxyType = 1;
			remoteGlobalIDString = 34FCB58D1C352E8E00A0B2CE;
			remoteInfo = "zo-tune";
		};
/* End PBXContainerItemProxy section */

/* Begin PBXFileReference section */
		3401B6471C35873700E1798C /* Song.swift */ = {isa = PBXFileReference; fileEncoding = 4; lastKnownFileType = sourcecode.swift; path = Song.swift; sourceTree = "<group>"; };
		3401B64F1C3610D000E1798C /* PlayViewController.swift */ = {isa = PBXFileReference; fileEncoding = 4; lastKnownFileType = sourcecode.swift; path = PlayViewController.swift; sourceTree = "<group>"; };
		348640911C492F7B0088574B /* Book.swift */ = {isa = PBXFileReference; fileEncoding = 4; lastKnownFileType = sourcecode.swift; path = Book.swift; sourceTree = "<group>"; };
		3490C6861C49483F006DDEBF /* Realm.framework */ = {isa = PBXFileReference; lastKnownFileType = wrapper.framework; name = Realm.framework; path = "Pods/../build/Debug-iphoneos/Realm.framework"; sourceTree = "<group>"; };
		3490C6881C494843006DDEBF /* RealmSwift.framework */ = {isa = PBXFileReference; lastKnownFileType = wrapper.framework; name = RealmSwift.framework; path = "Pods/../build/Debug-iphoneos/RealmSwift.framework"; sourceTree = "<group>"; };
		34FCB58E1C352E8E00A0B2CE /* zo-tune.app */ = {isa = PBXFileReference; explicitFileType = wrapper.application; includeInIndex = 0; path = "zo-tune.app"; sourceTree = BUILT_PRODUCTS_DIR; };
		34FCB5921C352E8E00A0B2CE /* Info.plist */ = {isa = PBXFileReference; lastKnownFileType = text.plist.xml; path = Info.plist; sourceTree = "<group>"; };
		34FCB5931C352E8E00A0B2CE /* AppDelegate.swift */ = {isa = PBXFileReference; lastKnownFileType = sourcecode.swift; path = AppDelegate.swift; sourceTree = "<group>"; };
		34FCB5951C352E8E00A0B2CE /* NewViewController.swift */ = {isa = PBXFileReference; lastKnownFileType = sourcecode.swift; path = NewViewController.swift; sourceTree = "<group>"; };
		34FCB5971C352E8E00A0B2CE /* PlayListViewController.swift */ = {isa = PBXFileReference; lastKnownFileType = sourcecode.swift; path = PlayListViewController.swift; sourceTree = "<group>"; };
		34FCB59A1C352E8E00A0B2CE /* Base */ = {isa = PBXFileReference; lastKnownFileType = file.storyboard; name = Base; path = Base.lproj/Main.storyboard; sourceTree = "<group>"; };
		34FCB59C1C352E8E00A0B2CE /* Images.xcassets */ = {isa = PBXFileReference; lastKnownFileType = folder.assetcatalog; path = Images.xcassets; sourceTree = "<group>"; };
		34FCB59F1C352E8E00A0B2CE /* Base */ = {isa = PBXFileReference; lastKnownFileType = file.xib; name = Base; path = Base.lproj/LaunchScreen.xib; sourceTree = "<group>"; };
		34FCB5A51C352E8F00A0B2CE /* zo-tuneTests.xctest */ = {isa = PBXFileReference; explicitFileType = wrapper.cfbundle; includeInIndex = 0; path = "zo-tuneTests.xctest"; sourceTree = BUILT_PRODUCTS_DIR; };
		34FCB5AA1C352E8F00A0B2CE /* Info.plist */ = {isa = PBXFileReference; lastKnownFileType = text.plist.xml; path = Info.plist; sourceTree = "<group>"; };
		34FCB5AB1C352E8F00A0B2CE /* zo_tuneTests.swift */ = {isa = PBXFileReference; lastKnownFileType = sourcecode.swift; path = zo_tuneTests.swift; sourceTree = "<group>"; };
		8D4CA263B0DD58582E908ED3 /* Pods_zo_tune.framework */ = {isa = PBXFileReference; explicitFileType = wrapper.framework; includeInIndex = 0; path = Pods_zo_tune.framework; sourceTree = BUILT_PRODUCTS_DIR; };
		A3A1D60897542E32ED47A778 /* Pods_zo_tuneTests.framework */ = {isa = PBXFileReference; explicitFileType = wrapper.framework; includeInIndex = 0; path = Pods_zo_tuneTests.framework; sourceTree = BUILT_PRODUCTS_DIR; };
		D91DD86BC8E49CEB0A61E070 /* Pods-zo-tune.release.xcconfig */ = {isa = PBXFileReference; includeInIndex = 1; lastKnownFileType = text.xcconfig; name = "Pods-zo-tune.release.xcconfig"; path = "Pods/Target Support Files/Pods-zo-tune/Pods-zo-tune.release.xcconfig"; sourceTree = "<group>"; };
		DF0FDFA6CBA8A1EA5A16D11B /* Pods-zo-tune.debug.xcconfig */ = {isa = PBXFileReference; includeInIndex = 1; lastKnownFileType = text.xcconfig; name = "Pods-zo-tune.debug.xcconfig"; path = "Pods/Target Support Files/Pods-zo-tune/Pods-zo-tune.debug.xcconfig"; sourceTree = "<group>"; };
/* End PBXFileReference section */

/* Begin PBXFrameworksBuildPhase section */
		34FCB58B1C352E8E00A0B2CE /* Frameworks */ = {
			isa = PBXFrameworksBuildPhase;
			buildActionMask = 2147483647;
			files = (
				3490C6891C494843006DDEBF /* RealmSwift.framework in Frameworks */,
				3490C6871C49483F006DDEBF /* Realm.framework in Frameworks */,
				E34EEF931457D93748E9FA42 /* Pods_zo_tune.framework in Frameworks */,
			);
			runOnlyForDeploymentPostprocessing = 0;
		};
		34FCB5A21C352E8F00A0B2CE /* Frameworks */ = {
			isa = PBXFrameworksBuildPhase;
			buildActionMask = 2147483647;
			files = (
			);
			runOnlyForDeploymentPostprocessing = 0;
		};
/* End PBXFrameworksBuildPhase section */

/* Begin PBXGroup section */
		348DAD561C43F09900DC9D73 /* View */ = {
			isa = PBXGroup;
			children = (
				34FCB5951C352E8E00A0B2CE /* NewViewController.swift */,
				3401B64F1C3610D000E1798C /* PlayViewController.swift */,
				34FCB5971C352E8E00A0B2CE /* PlayListViewController.swift */,
			);
			name = View;
			sourceTree = "<group>";
		};
		348DAD581C43F0CE00DC9D73 /* Model */ = {
			isa = PBXGroup;
			children = (
				3401B6471C35873700E1798C /* Song.swift */,
				348640911C492F7B0088574B /* Book.swift */,
			);
			name = Model;
			sourceTree = "<group>";
		};
		34FCB5851C352E8E00A0B2CE = {
			isa = PBXGroup;
			children = (
				34FCB5901C352E8E00A0B2CE /* zo-tune */,
				34FCB5A81C352E8F00A0B2CE /* zo-tuneTests */,
				34FCB58F1C352E8E00A0B2CE /* Products */,
				99C5EBE8A78EB187E54DF470 /* Pods */,
				4801F9BF075A881254665B1A /* Frameworks */,
			);
			sourceTree = "<group>";
		};
		34FCB58F1C352E8E00A0B2CE /* Products */ = {
			isa = PBXGroup;
			children = (
				34FCB58E1C352E8E00A0B2CE /* zo-tune.app */,
				34FCB5A51C352E8F00A0B2CE /* zo-tuneTests.xctest */,
			);
			name = Products;
			sourceTree = "<group>";
		};
		34FCB5901C352E8E00A0B2CE /* zo-tune */ = {
			isa = PBXGroup;
			children = (
				348DAD581C43F0CE00DC9D73 /* Model */,
				348DAD561C43F09900DC9D73 /* View */,
				34FCB5931C352E8E00A0B2CE /* AppDelegate.swift */,
				34FCB5991C352E8E00A0B2CE /* Main.storyboard */,
				34FCB59C1C352E8E00A0B2CE /* Images.xcassets */,
				34FCB59E1C352E8E00A0B2CE /* LaunchScreen.xib */,
				34FCB5911C352E8E00A0B2CE /* Supporting Files */,
			);
			path = "zo-tune";
			sourceTree = "<group>";
		};
		34FCB5911C352E8E00A0B2CE /* Supporting Files */ = {
			isa = PBXGroup;
			children = (
				34FCB5921C352E8E00A0B2CE /* Info.plist */,
			);
			name = "Supporting Files";
			sourceTree = "<group>";
		};
		34FCB5A81C352E8F00A0B2CE /* zo-tuneTests */ = {
			isa = PBXGroup;
			children = (
				34FCB5AB1C352E8F00A0B2CE /* zo_tuneTests.swift */,
				34FCB5A91C352E8F00A0B2CE /* Supporting Files */,
			);
			path = "zo-tuneTests";
			sourceTree = "<group>";
		};
		34FCB5A91C352E8F00A0B2CE /* Supporting Files */ = {
			isa = PBXGroup;
			children = (
				34FCB5AA1C352E8F00A0B2CE /* Info.plist */,
			);
			name = "Supporting Files";
			sourceTree = "<group>";
		};
		4801F9BF075A881254665B1A /* Frameworks */ = {
			isa = PBXGroup;
			children = (
				3490C6881C494843006DDEBF /* RealmSwift.framework */,
				3490C6861C49483F006DDEBF /* Realm.framework */,
				8D4CA263B0DD58582E908ED3 /* Pods_zo_tune.framework */,
				A3A1D60897542E32ED47A778 /* Pods_zo_tuneTests.framework */,
			);
			name = Frameworks;
			sourceTree = "<group>";
		};
		99C5EBE8A78EB187E54DF470 /* Pods */ = {
			isa = PBXGroup;
			children = (
				DF0FDFA6CBA8A1EA5A16D11B /* Pods-zo-tune.debug.xcconfig */,
				D91DD86BC8E49CEB0A61E070 /* Pods-zo-tune.release.xcconfig */,
			);
			name = Pods;
			sourceTree = "<group>";
		};
/* End PBXGroup section */

/* Begin PBXNativeTarget section */
		34FCB58D1C352E8E00A0B2CE /* zo-tune */ = {
			isa = PBXNativeTarget;
			buildConfigurationList = 34FCB5AF1C352E8F00A0B2CE /* Build configuration list for PBXNativeTarget "zo-tune" */;
			buildPhases = (
				26FF3626212855F58538A24B /* Check Pods Manifest.lock */,
				34FCB58A1C352E8E00A0B2CE /* Sources */,
				34FCB58B1C352E8E00A0B2CE /* Frameworks */,
				34FCB58C1C352E8E00A0B2CE /* Resources */,
				FA1947549BE5E8CCF4AD5A4B /* Embed Pods Frameworks */,
				90419D6F6C7A1B9FF5B926BE /* Copy Pods Resources */,
			);
			buildRules = (
			);
			dependencies = (
			);
			name = "zo-tune";
			productName = "zo-tune";
			productReference = 34FCB58E1C352E8E00A0B2CE /* zo-tune.app */;
			productType = "com.apple.product-type.application";
		};
		34FCB5A41C352E8F00A0B2CE /* zo-tuneTests */ = {
			isa = PBXNativeTarget;
			buildConfigurationList = 34FCB5B21C352E8F00A0B2CE /* Build configuration list for PBXNativeTarget "zo-tuneTests" */;
			buildPhases = (
				34FCB5A11C352E8F00A0B2CE /* Sources */,
				34FCB5A21C352E8F00A0B2CE /* Frameworks */,
				34FCB5A31C352E8F00A0B2CE /* Resources */,
			);
			buildRules = (
			);
			dependencies = (
				34FCB5A71C352E8F00A0B2CE /* PBXTargetDependency */,
			);
			name = "zo-tuneTests";
			productName = "zo-tuneTests";
			productReference = 34FCB5A51C352E8F00A0B2CE /* zo-tuneTests.xctest */;
			productType = "com.apple.product-type.bundle.unit-test";
		};
/* End PBXNativeTarget section */

/* Begin PBXProject section */
		34FCB5861C352E8E00A0B2CE /* Project object */ = {
			isa = PBXProject;
			attributes = {
				LastSwiftMigration = 0720;
				LastSwiftUpdateCheck = 0720;
				LastUpgradeCheck = 0610;
				ORGANIZATIONNAME = "Tomohiro Zoda";
				TargetAttributes = {
					34FCB58D1C352E8E00A0B2CE = {
						CreatedOnToolsVersion = 6.1.1;
						DevelopmentTeam = Z835WY3K6C;
					};
					34FCB5A41C352E8F00A0B2CE = {
						CreatedOnToolsVersion = 6.1.1;
						TestTargetID = 34FCB58D1C352E8E00A0B2CE;
					};
				};
			};
			buildConfigurationList = 34FCB5891C352E8E00A0B2CE /* Build configuration list for PBXProject "zo-tune" */;
			compatibilityVersion = "Xcode 3.2";
			developmentRegion = English;
			hasScannedForEncodings = 0;
			knownRegions = (
				en,
				Base,
			);
			mainGroup = 34FCB5851C352E8E00A0B2CE;
			productRefGroup = 34FCB58F1C352E8E00A0B2CE /* Products */;
			projectDirPath = "";
			projectRoot = "";
			targets = (
				34FCB58D1C352E8E00A0B2CE /* zo-tune */,
				34FCB5A41C352E8F00A0B2CE /* zo-tuneTests */,
			);
		};
/* End PBXProject section */

/* Begin PBXResourcesBuildPhase section */
		34FCB58C1C352E8E00A0B2CE /* Resources */ = {
			isa = PBXResourcesBuildPhase;
			buildActionMask = 2147483647;
			files = (
				34FCB59B1C352E8E00A0B2CE /* Main.storyboard in Resources */,
				34FCB5A01C352E8E00A0B2CE /* LaunchScreen.xib in Resources */,
				34FCB59D1C352E8E00A0B2CE /* Images.xcassets in Resources */,
			);
			runOnlyForDeploymentPostprocessing = 0;
		};
		34FCB5A31C352E8F00A0B2CE /* Resources */ = {
			isa = PBXResourcesBuildPhase;
			buildActionMask = 2147483647;
			files = (
			);
			runOnlyForDeploymentPostprocessing = 0;
		};
/* End PBXResourcesBuildPhase section */

/* Begin PBXShellScriptBuildPhase section */
		26FF3626212855F58538A24B /* Check Pods Manifest.lock */ = {
			isa = PBXShellScriptBuildPhase;
			buildActionMask = 2147483647;
			files = (
			);
			inputPaths = (
			);
			name = "Check Pods Manifest.lock";
			outputPaths = (
			);
			runOnlyForDeploymentPostprocessing = 0;
			shellPath = /bin/sh;
			shellScript = "diff \"${PODS_ROOT}/../Podfile.lock\" \"${PODS_ROOT}/Manifest.lock\" > /dev/null\nif [[ $? != 0 ]] ; then\n    cat << EOM\nerror: The sandbox is not in sync with the Podfile.lock. Run 'pod install' or update your CocoaPods installation.\nEOM\n    exit 1\nfi\n";
			showEnvVarsInLog = 0;
		};
		90419D6F6C7A1B9FF5B926BE /* Copy Pods Resources */ = {
			isa = PBXShellScriptBuildPhase;
			buildActionMask = 2147483647;
			files = (
			);
			inputPaths = (
			);
			name = "Copy Pods Resources";
			outputPaths = (
			);
			runOnlyForDeploymentPostprocessing = 0;
			shellPath = /bin/sh;
			shellScript = "\"${SRCROOT}/Pods/Target Support Files/Pods-zo-tune/Pods-zo-tune-resources.sh\"\n";
			showEnvVarsInLog = 0;
		};
		FA1947549BE5E8CCF4AD5A4B /* Embed Pods Frameworks */ = {
			isa = PBXShellScriptBuildPhase;
			buildActionMask = 2147483647;
			files = (
			);
			inputPaths = (
			);
			name = "Embed Pods Frameworks";
			outputPaths = (
			);
			runOnlyForDeploymentPostprocessing = 0;
			shellPath = /bin/sh;
			shellScript = "\"${SRCROOT}/Pods/Target Support Files/Pods-zo-tune/Pods-zo-tune-frameworks.sh\"\n";
			showEnvVarsInLog = 0;
		};
/* End PBXShellScriptBuildPhase section */

/* Begin PBXSourcesBuildPhase section */
		34FCB58A1C352E8E00A0B2CE /* Sources */ = {
			isa = PBXSourcesBuildPhase;
			buildActionMask = 2147483647;
			files = (
				3401B6481C35873700E1798C /* Song.swift in Sources */,
				34FCB5981C352E8E00A0B2CE /* PlayListViewController.swift in Sources */,
				348640921C492F7B0088574B /* Book.swift in Sources */,
				34FCB5941C352E8E00A0B2CE /* AppDelegate.swift in Sources */,
				3401B6501C3610D000E1798C /* PlayViewController.swift in Sources */,
				34FCB5961C352E8E00A0B2CE /* NewViewController.swift in Sources */,
			);
			runOnlyForDeploymentPostprocessing = 0;
		};
		34FCB5A11C352E8F00A0B2CE /* Sources */ = {
			isa = PBXSourcesBuildPhase;
			buildActionMask = 2147483647;
			files = (
				3401B6491C35873700E1798C /* Song.swift in Sources */,
				34FCB5AC1C352E8F00A0B2CE /* zo_tuneTests.swift in Sources */,
				348640931C492F7B0088574B /* Book.swift in Sources */,
			);
			runOnlyForDeploymentPostprocessing = 0;
		};
/* End PBXSourcesBuildPhase section */

/* Begin PBXTargetDependency section */
		34FCB5A71C352E8F00A0B2CE /* PBXTargetDependency */ = {
			isa = PBXTargetDependency;
			target = 34FCB58D1C352E8E00A0B2CE /* zo-tune */;
			targetProxy = 34FCB5A61C352E8F00A0B2CE /* PBXContainerItemProxy */;
		};
/* End PBXTargetDependency section */

/* Begin PBXVariantGroup section */
		34FCB5991C352E8E00A0B2CE /* Main.storyboard */ = {
			isa = PBXVariantGroup;
			children = (
				34FCB59A1C352E8E00A0B2CE /* Base */,
			);
			name = Main.storyboard;
			sourceTree = "<group>";
		};
		34FCB59E1C352E8E00A0B2CE /* LaunchScreen.xib */ = {
			isa = PBXVariantGroup;
			children = (
				34FCB59F1C352E8E00A0B2CE /* Base */,
			);
			name = LaunchScreen.xib;
			sourceTree = "<group>";
		};
/* End PBXVariantGroup section */

/* Begin XCBuildConfiguration section */
		34FCB5AD1C352E8F00A0B2CE /* Debug */ = {
			isa = XCBuildConfiguration;
			buildSettings = {
				ALWAYS_SEARCH_USER_PATHS = NO;
				CLANG_CXX_LANGUAGE_STANDARD = "gnu++0x";
				CLANG_CXX_LIBRARY = "libc++";
				CLANG_ENABLE_MODULES = YES;
				CLANG_ENABLE_OBJC_ARC = YES;
				CLANG_WARN_BOOL_CONVERSION = YES;
				CLANG_WARN_CONSTANT_CONVERSION = YES;
				CLANG_WARN_DIRECT_OBJC_ISA_USAGE = YES_ERROR;
				CLANG_WARN_EMPTY_BODY = YES;
				CLANG_WARN_ENUM_CONVERSION = YES;
				CLANG_WARN_INT_CONVERSION = YES;
				CLANG_WARN_OBJC_ROOT_CLASS = YES_ERROR;
				CLANG_WARN_UNREACHABLE_CODE = YES;
				CLANG_WARN__DUPLICATE_METHOD_MATCH = YES;
				"CODE_SIGN_IDENTITY[sdk=iphoneos*]" = "iPhone Developer";
				COPY_PHASE_STRIP = NO;
				ENABLE_STRICT_OBJC_MSGSEND = YES;
				ENABLE_TESTABILITY = YES;
				GCC_C_LANGUAGE_STANDARD = gnu99;
				GCC_DYNAMIC_NO_PIC = NO;
				GCC_OPTIMIZATION_LEVEL = 0;
				GCC_PREPROCESSOR_DEFINITIONS = (
					"DEBUG=1",
					"$(inherited)",
				);
				GCC_SYMBOLS_PRIVATE_EXTERN = NO;
				GCC_WARN_64_TO_32_BIT_CONVERSION = YES;
				GCC_WARN_ABOUT_RETURN_TYPE = YES_ERROR;
				GCC_WARN_UNDECLARED_SELECTOR = YES;
				GCC_WARN_UNINITIALIZED_AUTOS = YES_AGGRESSIVE;
				GCC_WARN_UNUSED_FUNCTION = YES;
				GCC_WARN_UNUSED_VARIABLE = YES;
				IPHONEOS_DEPLOYMENT_TARGET = 9.0;
				MTL_ENABLE_DEBUG_INFO = YES;
				ONLY_ACTIVE_ARCH = YES;
				SDKROOT = iphoneos;
				SWIFT_OPTIMIZATION_LEVEL = "-Onone";
				TARGETED_DEVICE_FAMILY = "1,2";
			};
			name = Debug;
		};
		34FCB5AE1C352E8F00A0B2CE /* Release */ = {
			isa = XCBuildConfiguration;
			buildSettings = {
				ALWAYS_SEARCH_USER_PATHS = NO;
				CLANG_CXX_LANGUAGE_STANDARD = "gnu++0x";
				CLANG_CXX_LIBRARY = "libc++";
				CLANG_ENABLE_MODULES = YES;
				CLANG_ENABLE_OBJC_ARC = YES;
				CLANG_WARN_BOOL_CONVERSION = YES;
				CLANG_WARN_CONSTANT_CONVERSION = YES;
				CLANG_WARN_DIRECT_OBJC_ISA_USAGE = YES_ERROR;
				CLANG_WARN_EMPTY_BODY = YES;
				CLANG_WARN_ENUM_CONVERSION = YES;
				CLANG_WARN_INT_CONVERSION = YES;
				CLANG_WARN_OBJC_ROOT_CLASS = YES_ERROR;
				CLANG_WARN_UNREACHABLE_CODE = YES;
				CLANG_WARN__DUPLICATE_METHOD_MATCH = YES;
				"CODE_SIGN_IDENTITY[sdk=iphoneos*]" = "iPhone Developer";
				COPY_PHASE_STRIP = YES;
				ENABLE_NS_ASSERTIONS = NO;
				ENABLE_STRICT_OBJC_MSGSEND = YES;
				GCC_C_LANGUAGE_STANDARD = gnu99;
				GCC_WARN_64_TO_32_BIT_CONVERSION = YES;
				GCC_WARN_ABOUT_RETURN_TYPE = YES_ERROR;
				GCC_WARN_UNDECLARED_SELECTOR = YES;
				GCC_WARN_UNINITIALIZED_AUTOS = YES_AGGRESSIVE;
				GCC_WARN_UNUSED_FUNCTION = YES;
				GCC_WARN_UNUSED_VARIABLE = YES;
				IPHONEOS_DEPLOYMENT_TARGET = 9.0;
				MTL_ENABLE_DEBUG_INFO = NO;
				SDKROOT = iphoneos;
				TARGETED_DEVICE_FAMILY = "1,2";
				VALIDATE_PRODUCT = YES;
			};
			name = Release;
		};
		34FCB5B01C352E8F00A0B2CE /* Debug */ = {
			isa = XCBuildConfiguration;
			baseConfigurationReference = DF0FDFA6CBA8A1EA5A16D11B /* Pods-zo-tune.debug.xcconfig */;
			buildSettings = {
				ASSETCATALOG_COMPILER_APPICON_NAME = AppIcon;
				CODE_SIGN_IDENTITY = "iPhone Developer";
				"CODE_SIGN_IDENTITY[sdk=iphoneos*]" = "iPhone Developer";
				FRAMEWORK_SEARCH_PATHS = (
					"$(inherited)",
					"$(PROJECT_DIR)/build/Debug-iphoneos",
				);
				INFOPLIST_FILE = "zo-tune/Info.plist";
				IPHONEOS_DEPLOYMENT_TARGET = 9.0;
				LD_RUNPATH_SEARCH_PATHS = "$(inherited) @executable_path/Frameworks";
				PRODUCT_BUNDLE_IDENTIFIER = "com.example.$(PRODUCT_NAME:rfc1034identifier)";
				PRODUCT_NAME = "$(TARGET_NAME)";
				PROVISIONING_PROFILE = "";
			};
			name = Debug;
		};
		34FCB5B11C352E8F00A0B2CE /* Release */ = {
			isa = XCBuildConfiguration;
			baseConfigurationReference = D91DD86BC8E49CEB0A61E070 /* Pods-zo-tune.release.xcconfig */;
			buildSettings = {
				ASSETCATALOG_COMPILER_APPICON_NAME = AppIcon;
				CODE_SIGN_IDENTITY = "iPhone Developer";
				"CODE_SIGN_IDENTITY[sdk=iphoneos*]" = "iPhone Developer";
				FRAMEWORK_SEARCH_PATHS = (
					"$(inherited)",
					"$(PROJECT_DIR)/build/Debug-iphoneos",
				);
				INFOPLIST_FILE = "zo-tune/Info.plist";
				IPHONEOS_DEPLOYMENT_TARGET = 9.0;
				LD_RUNPATH_SEARCH_PATHS = "$(inherited) @executable_path/Frameworks";
				PRODUCT_BUNDLE_IDENTIFIER = "com.example.$(PRODUCT_NAME:rfc1034identifier)";
				PRODUCT_NAME = "$(TARGET_NAME)";
				PROVISIONING_PROFILE = "";
			};
			name = Release;
		};
		34FCB5B31C352E8F00A0B2CE /* Debug */ = {
			isa = XCBuildConfiguration;
			buildSettings = {
				BUNDLE_LOADER = "$(TEST_HOST)";
				FRAMEWORK_SEARCH_PATHS = (
					"$(SDKROOT)/Developer/Library/Frameworks",
					"$(inherited)",
				);
				GCC_PREPROCESSOR_DEFINITIONS = (
					"DEBUG=1",
					"$(inherited)",
				);
				INFOPLIST_FILE = "zo-tuneTests/Info.plist";
				LD_RUNPATH_SEARCH_PATHS = "$(inherited) @executable_path/Frameworks @loader_path/Frameworks";
				PRODUCT_BUNDLE_IDENTIFIER = "com.example.$(PRODUCT_NAME:rfc1034identifier)";
				PRODUCT_NAME = "$(TARGET_NAME)";
				TEST_HOST = "$(BUILT_PRODUCTS_DIR)/zo-tune.app/zo-tune";
			};
			name = Debug;
		};
		34FCB5B41C352E8F00A0B2CE /* Release */ = {
			isa = XCBuildConfiguration;
			buildSettings = {
				BUNDLE_LOADER = "$(TEST_HOST)";
				FRAMEWORK_SEARCH_PATHS = (
					"$(SDKROOT)/Developer/Library/Frameworks",
					"$(inherited)",
				);
				INFOPLIST_FILE = "zo-tuneTests/Info.plist";
				LD_RUNPATH_SEARCH_PATHS = "$(inherited) @executable_path/Frameworks @loader_path/Frameworks";
				PRODUCT_BUNDLE_IDENTIFIER = "com.example.$(PRODUCT_NAME:rfc1034identifier)";
				PRODUCT_NAME = "$(TARGET_NAME)";
				TEST_HOST = "$(BUILT_PRODUCTS_DIR)/zo-tune.app/zo-tune";
			};
			name = Release;
		};
/* End XCBuildConfiguration section */

/* Begin XCConfigurationList section */
		34FCB5891C352E8E00A0B2CE /* Build configuration list for PBXProject "zo-tune" */ = {
			isa = XCConfigurationList;
			buildConfigurations = (
				34FCB5AD1C352E8F00A0B2CE /* Debug */,
				34FCB5AE1C352E8F00A0B2CE /* Release */,
			);
			defaultConfigurationIsVisible = 0;
			defaultConfigurationName = Release;
		};
		34FCB5AF1C352E8F00A0B2CE /* Build configuration list for PBXNativeTarget "zo-tune" */ = {
			isa = XCConfigurationList;
			buildConfigurations = (
				34FCB5B01C352E8F00A0B2CE /* Debug */,
				34FCB5B11C352E8F00A0B2CE /* Release */,
			);
			defaultConfigurationIsVisible = 0;
			defaultConfigurationName = Release;
		};
		34FCB5B21C352E8F00A0B2CE /* Build configuration list for PBXNativeTarget "zo-tuneTests" */ = {
			isa = XCConfigurationList;
			buildConfigurations = (
				34FCB5B31C352E8F00A0B2CE /* Debug */,
				34FCB5B41C352E8F00A0B2CE /* Release */,
			);
			defaultConfigurationIsVisible = 0;
			defaultConfigurationName = Release;
		};
/* End XCConfigurationList section */
	};
	rootObject = 34FCB5861C352E8E00A0B2CE /* Project object */;
}
